
Microsoft Visual Studio Solution File, Format Version 12.00
# Visual Studio Version 17
VisualStudioVersion = 17.7.34031.279
MinimumVisualStudioVersion = 10.0.40219.1
Project("{888888A0-9F3D-457C-B088-3A5042F75D52}") = "Prog2_Prak_PythonPlotter", "Prog2_Prak_PythonPlotter.pyproj", "{4339C409-E813-4DDD-82DE-3C05875A1174}"
EndProject
Global
	GlobalSection(SolutionConfigurationPlatforms) = preSolution
		Debug|Any CPU = Debug|Any CPU
		Release|Any CPU = Release|Any CPU
	EndGlobalSection
	GlobalSection(ProjectConfigurationPlatforms) = postSolution
		{4339C409-E813-4DDD-82DE-3C05875A1174}.Debug|Any CPU.ActiveCfg = Debug|Any CPU
		{4339C409-E813-4DDD-82DE-3C05875A1174}.Release|Any CPU.ActiveCfg = Release|Any CPU
	EndGlobalSection
	GlobalSection(SolutionProperties) = preSolution
		HideSolutionNode = FALSE
	EndGlobalSection
	GlobalSection(ExtensibilityGlobals) = postSolution
		SolutionGuid = {152BBE1E-13A7-4611-99BD-F1922F5DA558}
	EndGlobalSection
EndGlobal
